# THIS IS AN AUTOGENERATED FILE. DO NOT EDIT THIS FILE DIRECTLY.
# yarn lockfile v1


"@babel/runtime@^7.0.0":
  version "7.7.6"
  resolved "https://registry.npm.taobao.org/@babel/runtime/download/@babel/runtime-7.7.6.tgz#d18c511121aff1b4f2cd1d452f1bac9601dd830f"
  integrity sha1-0YxRESGv8bTyzR1FLxuslgHdgw8=
  dependencies:
    regenerator-runtime "^0.13.2"

detect-node@^2.0.4:
  version "2.0.4"
  resolved "https://registry.npm.taobao.org/detect-node/download/detect-node-2.0.4.tgz#014ee8f8f669c5c58023da64b8179c083a28c46c"
  integrity sha1-AU7o+PZpxcWAI9pkuBecCDooxGw=

"js-tokens@^3.0.0 || ^4.0.0":
  version "4.0.0"
  resolved "https://registry.npm.taobao.org/js-tokens/download/js-tokens-4.0.0.tgz#19203fb59991df98e3a287050d4647cdeaf32499"
  integrity sha1-GSA/tZmR35jjoocFDUZHzerzJJk=

loose-envify@^1.4.0:
  version "1.4.0"
  resolved "https://registry.npm.taobao.org/loose-envify/download/loose-envify-1.4.0.tgz#71ee51fa7be4caec1a63839f7e682d8132d30caf"
  integrity sha1-ce5R+nvkyuwaY4OffmgtgTLTDK8=
  dependencies:
    js-tokens "^3.0.0 || ^4.0.0"

redux@^4.0.1:
  version "4.0.4"
  resolved "https://registry.npm.taobao.org/redux/download/redux-4.0.4.tgz#4ee1aeb164b63d6a1bcc57ae4aa0b6e6fa7a3796"
  integrity sha1-TuGusWS2PWobzFeuSqC25vp6N5Y=
  dependencies:
    loose-envify "^1.4.0"
    symbol-observable "^1.2.0"

regenerator-runtime@^0.13.2:
  version "0.13.3"
  resolved "https://registry.npm.taobao.org/regenerator-runtime/download/regenerator-runtime-0.13.3.tgz?cache=0&other_urls=https%3A%2F%2Fregistry.npm.taobao.org%2Fregenerator-runtime%2Fdownload%2Fregenerator-runtime-0.13.3.tgz#7cf6a77d8f5c6f60eb73c5fc1955b2ceb01e6bf5"
  integrity sha1-fPanfY9cb2Drc8X8GVWyzrAea/U=

symbol-observable@^1.2.0:
  version "1.2.0"
  resolved "https://registry.npm.taobao.org/symbol-observable/download/symbol-observable-1.2.0.tgz#c22688aed4eab3cdc2dfeacbb561660560a00804"
  integrity sha1-wiaIrtTqs83C3+rLtWFmBWCgCAQ=
